<?xml version="1.0" encoding="utf-8"?>
<Project ToolsVersion="4.0" xmlns="http://schemas.microsoft.com/developer/msbuild/2003">
  <ItemGroup>
    <Filter Include="GUI">
      <UniqueIdentifier>{45611f08-ebfa-40ae-894d-27064e18d76f}</UniqueIdentifier>
    </Filter>
    <Filter Include="Resource Files">
      <UniqueIdentifier>{67DA6AB6-F800-4c08-8B7A-83BB121AAD01}</UniqueIdentifier>
      <Extensions>rc;ico;cur;bmp;dlg;rc2;rct;bin;rgs;gif;jpg;jpeg;jpe;resx</Extensions>
    </Filter>
  </ItemGroup>
  <ItemGroup>
    <ClCompile Include="AboutDlg.cpp">
      <Filter>GUI</Filter>
    </ClCompile>
    <ClCompile Include="ChildView.cpp">
      <Filter>GUI</Filter>
    </ClCompile>
    <ClCompile Include="Editor.cpp" />
    <ClCompile Include="NavControls.cpp" />
    <ClCompile Include="stdafx.cpp" />
  </ItemGroup>
  <ItemGroup>
    <ClInclude Include="AboutDlg.h">
      <Filter>GUI</Filter>
    </ClInclude>
    <ClInclude Include="ChildView.h">
      <Filter>GUI</Filter>
    </ClInclude>
    <ClInclude Include="resource.h">
      <Filter>Resource Files</Filter>
    </ClInclude>
    <ClInclude Include="Editor.h" />
    <ClInclude Include="EditorExceptions.h" />
    <ClInclude Include="NavControls.h" />
    <ClInclude Include="stdafx.h" />
  </ItemGroup>
  <ItemGroup>
    <ResourceCompile Include="FuseEditor.rc">
      <Filter>Resource Files</Filter>
    </ResourceCompile>
  </ItemGroup>
  <ItemGroup>
    <None Include="Resources\orbit.cur">
      <Filter>Resource Files</Filter>
    </None>
    <None Include="Resources\pan.cur">
      <Filter>Resource Files</Filter>
    </None>
    <None Include="Resources\zoom.cur">
      <Filter>Resource Files</Filter>
    </None>
  </ItemGroup>
</Project>